
Microsoft Visual Studio Solution File, Format Version 12.00
# Visual Studio Version 17
VisualStudioVersion = 17.13.35931.197 d17.13
MinimumVisualStudioVersion = 10.0.40219.1
Project("{FAE04EC0-301F-11D3-BF4B-00C04F79EFBC}") = "Web", "Web\Web.csproj", "{A8EE50B4-56E8-4D60-BCD3-D62590979A9A}"
EndProject
Global
	GlobalSection(SolutionConfigurationPlatforms) = preSolution
		Debug|Any CPU = Debug|Any CPU
		Release|Any CPU = Release|Any CPU
	EndGlobalSection
	GlobalSection(ProjectConfigurationPlatforms) = postSolution
		{A8EE50B4-56E8-4D60-BCD3-D62590979A9A}.Debug|Any CPU.ActiveCfg = Debug|Any CPU
		{A8EE50B4-56E8-4D60-BCD3-D62590979A9A}.Debug|Any CPU.Build.0 = Debug|Any CPU
		{A8EE50B4-56E8-4D60-BCD3-D62590979A9A}.Release|Any CPU.ActiveCfg = Release|Any CPU
		{A8EE50B4-56E8-4D60-BCD3-D62590979A9A}.Release|Any CPU.Build.0 = Release|Any CPU
	EndGlobalSection
	GlobalSection(SolutionProperties) = preSolution
		HideSolutionNode = FALSE
	EndGlobalSection
	GlobalSection(ExtensibilityGlobals) = postSolution
		SolutionGuid = {32C542C3-74A2-4755-A388-38D9BFED04E8}
	EndGlobalSection
EndGlobal
